
Microsoft Visual Studio Solution File, Format Version 12.00
# Visual Studio Version 17
VisualStudioVersion = 17.1.32421.90
MinimumVisualStudioVersion = 10.0.40219.1
Project("{9A19103F-16F7-4668-BE54-9A1E7A4F7556}") = "NIF2FBX", "NIF2FBX\NIF2FBX.csproj", "{DFC9F22D-CB0C-4037-9396-DA0291E6BD07}"
EndProject
Global
	GlobalSection(SolutionConfigurationPlatforms) = preSolution
		Debug|Any CPU = Debug|Any CPU
		Release|Any CPU = Release|Any CPU
	EndGlobalSection
	GlobalSection(ProjectConfigurationPlatforms) = postSolution
		{DFC9F22D-CB0C-4037-9396-DA0291E6BD07}.Debug|Any CPU.ActiveCfg = Debug|Any CPU
		{DFC9F22D-CB0C-4037-9396-DA0291E6BD07}.Debug|Any CPU.Build.0 = Debug|Any CPU
		{DFC9F22D-CB0C-4037-9396-DA0291E6BD07}.Release|Any CPU.ActiveCfg = Release|Any CPU
		{DFC9F22D-CB0C-4037-9396-DA0291E6BD07}.Release|Any CPU.Build.0 = Release|Any CPU
	EndGlobalSection
	GlobalSection(SolutionProperties) = preSolution
		HideSolutionNode = FALSE
	EndGlobalSection
	GlobalSection(ExtensibilityGlobals) = postSolution
		SolutionGuid = {82228C1F-57CC-44F2-BD82-EF29EDB3FDEF}
	EndGlobalSection
EndGlobal
